{
  "name": "fun-miles",
  "lockfileVersion": 3,
  "requires": true,
  "packages": {
    "": {
      "dependencies": {
        "@nicolasroehm/ngx-retroarch": "^1.0.4"
      }
    },
    "node_modules/@nicolasroehm/ngx-retroarch": {
      "version": "1.0.4",
      "resolved": "https://registry.npmjs.org/@nicolasroehm/ngx-retroarch/-/ngx-retroarch-1.0.4.tgz",
      "integrity": "sha512-JwVYQf5FAIkjzA2m37WhZnLRH1x4wKcZDHkqfbJfeaBeUTQVgN0/Dx3ebs5dQRKVe3AEPS+Fw6PwObG57q07SA=="
    }
  }
}
